PODS:
  - audio_session (0.0.1):
    - FlutterMacOS
  - connectivity_plus_macos (0.0.1):
    - FlutterMacOS
    - ReachabilitySwift
  - desktop_lifecycle (0.0.1):
    - FlutterMacOS
  - desktop_webview_window (0.0.1):
    - FlutterMacOS
  - dynamic_color (0.0.2):
    - FlutterMacOS
  - emoji_picker_flutter (0.0.1):
    - FlutterMacOS
  - file_selector_macos (0.0.1):
    - FlutterMacOS
  - flutter_local_notifications (0.0.1):
    - FlutterMacOS
  - flutter_secure_storage_macos (3.3.1):
    - FlutterMacOS
  - flutter_webrtc (0.7.1):
    - FlutterMacOS
    - WebRTC-SDK (= 97.4692.05)
  - FlutterMacOS (1.0.0)
  - FMDB (2.7.5):
    - FMDB/standard (= 2.7.5)
  - FMDB/standard (2.7.5)
  - just_audio (0.0.1):
    - FlutterMacOS
  - macos_ui (0.1.0):
    - FlutterMacOS
  - package_info_plus_macos (0.0.1):
    - FlutterMacOS
  - path_provider_macos (0.0.1):
    - FlutterMacOS
  - ReachabilitySwift (5.0.0)
  - share_plus_macos (0.0.1):
    - FlutterMacOS
  - shared_preferences_macos (0.0.1):
    - FlutterMacOS
  - sqflite (0.0.2):
    - FlutterMacOS
    - FMDB (>= 2.7.5)
  - url_launcher_macos (0.0.1):
    - FlutterMacOS
  - wakelock_macos (0.0.1):
    - FlutterMacOS
  - WebRTC-SDK (97.4692.05)

DEPENDENCIES:
  - audio_session (from `Flutter/ephemeral/.symlinks/plugins/audio_session/macos`)
  - connectivity_plus_macos (from `Flutter/ephemeral/.symlinks/plugins/connectivity_plus_macos/macos`)
  - desktop_lifecycle (from `Flutter/ephemeral/.symlinks/plugins/desktop_lifecycle/macos`)
  - desktop_webview_window (from `Flutter/ephemeral/.symlinks/plugins/desktop_webview_window/macos`)
  - dynamic_color (from `Flutter/ephemeral/.symlinks/plugins/dynamic_color/macos`)
  - emoji_picker_flutter (from `Flutter/ephemeral/.symlinks/plugins/emoji_picker_flutter/macos`)
  - file_selector_macos (from `Flutter/ephemeral/.symlinks/plugins/file_selector_macos/macos`)
  - flutter_local_notifications (from `Flutter/ephemeral/.symlinks/plugins/flutter_local_notifications/macos`)
  - flutter_secure_storage_macos (from `Flutter/ephemeral/.symlinks/plugins/flutter_secure_storage_macos/macos`)
  - flutter_webrtc (from `Flutter/ephemeral/.symlinks/plugins/flutter_webrtc/macos`)
  - FlutterMacOS (from `Flutter/ephemeral`)
  - just_audio (from `Flutter/ephemeral/.symlinks/plugins/just_audio/macos`)
  - macos_ui (from `Flutter/ephemeral/.symlinks/plugins/macos_ui/macos`)
  - package_info_plus_macos (from `Flutter/ephemeral/.symlinks/plugins/package_info_plus_macos/macos`)
  - path_provider_macos (from `Flutter/ephemeral/.symlinks/plugins/path_provider_macos/macos`)
  - share_plus_macos (from `Flutter/ephemeral/.symlinks/plugins/share_plus_macos/macos`)
  - shared_preferences_macos (from `Flutter/ephemeral/.symlinks/plugins/shared_preferences_macos/macos`)
  - sqflite (from `Flutter/ephemeral/.symlinks/plugins/sqflite/macos`)
  - url_launcher_macos (from `Flutter/ephemeral/.symlinks/plugins/url_launcher_macos/macos`)
  - wakelock_macos (from `Flutter/ephemeral/.symlinks/plugins/wakelock_macos/macos`)

SPEC REPOS:
  trunk:
    - FMDB
    - ReachabilitySwift
    - WebRTC-SDK

EXTERNAL SOURCES:
  audio_session:
    :path: Flutter/ephemeral/.symlinks/plugins/audio_session/macos
  connectivity_plus_macos:
    :path: Flutter/ephemeral/.symlinks/plugins/connectivity_plus_macos/macos
  desktop_lifecycle:
    :path: Flutter/ephemeral/.symlinks/plugins/desktop_lifecycle/macos
  desktop_webview_window:
    :path: Flutter/ephemeral/.symlinks/plugins/desktop_webview_window/macos
  dynamic_color:
    :path: Flutter/ephemeral/.symlinks/plugins/dynamic_color/macos
  emoji_picker_flutter:
    :path: Flutter/ephemeral/.symlinks/plugins/emoji_picker_flutter/macos
  file_selector_macos:
    :path: Flutter/ephemeral/.symlinks/plugins/file_selector_macos/macos
  flutter_local_notifications:
    :path: Flutter/ephemeral/.symlinks/plugins/flutter_local_notifications/macos
  flutter_secure_storage_macos:
    :path: Flutter/ephemeral/.symlinks/plugins/flutter_secure_storage_macos/macos
  flutter_webrtc:
    :path: Flutter/ephemeral/.symlinks/plugins/flutter_webrtc/macos
  FlutterMacOS:
    :path: Flutter/ephemeral
  just_audio:
    :path: Flutter/ephemeral/.symlinks/plugins/just_audio/macos
  macos_ui:
    :path: Flutter/ephemeral/.symlinks/plugins/macos_ui/macos
  package_info_plus_macos:
    :path: Flutter/ephemeral/.symlinks/plugins/package_info_plus_macos/macos
  path_provider_macos:
    :path: Flutter/ephemeral/.symlinks/plugins/path_provider_macos/macos
  share_plus_macos:
    :path: Flutter/ephemeral/.symlinks/plugins/share_plus_macos/macos
  shared_preferences_macos:
    :path: Flutter/ephemeral/.symlinks/plugins/shared_preferences_macos/macos
  sqflite:
    :path: Flutter/ephemeral/.symlinks/plugins/sqflite/macos
  url_launcher_macos:
    :path: Flutter/ephemeral/.symlinks/plugins/url_launcher_macos/macos
  wakelock_macos:
    :path: Flutter/ephemeral/.symlinks/plugins/wakelock_macos/macos

SPEC CHECKSUMS:
  audio_session: dea1f41890dbf1718f04a56f1d6150fd50039b72
  connectivity_plus_macos: f6e86fd000e971d361e54b5afcadc8c8fa773308
  desktop_lifecycle: a600c10e12fe033c7be9078f2e929b8241f2c1e3
  desktop_webview_window: d4365e71bcd4e1aa0c14cf0377aa24db0c16a7e2
  dynamic_color: 394d6a888650f8534e029b27d2f8bc5c64e44008
  emoji_picker_flutter: 533634326b1c5de9a181ba14b9758e6dfe967a20
  file_selector_macos: f1b08a781e66103e3ba279fd5d4024a2478b3af6
  flutter_local_notifications: 3805ca215b2fb7f397d78b66db91f6a747af52e4
  flutter_secure_storage_macos: 6ceee8fbc7f484553ad17f79361b556259df89aa
  flutter_webrtc: 37c4efd66d9d306878c1323d5ac5a1d10c748b3a
  FlutterMacOS: 57701585bf7de1b3fc2bb61f6378d73bbdea8424
  FMDB: 2ce00b547f966261cd18927a3ddb07cb6f3db82a
  just_audio: 9b67ca7b97c61cfc9784ea23cd8cc55eb226d489
  macos_ui: 125c911559d646194386d84c017ad6819122e2db
  package_info_plus_macos: f010621b07802a241d96d01876d6705f15e77c1c
  path_provider_macos: 3c0c3b4b0d4a76d2bf989a913c2de869c5641a19
  ReachabilitySwift: 985039c6f7b23a1da463388634119492ff86c825
  share_plus_macos: 853ee48e7dce06b633998ca0735d482dd671ade4
  shared_preferences_macos: a64dc611287ed6cbe28fd1297898db1336975727
  sqflite: a5789cceda41d54d23f31d6de539d65bb14100ea
  url_launcher_macos: 597e05b8e514239626bcf4a850fcf9ef5c856ec3
  wakelock_macos: bc3f2a9bd8d2e6c89fee1e1822e7ddac3bd004a9
  WebRTC-SDK: a6ee40bda0e3f7dba057907c3897374005c5715b

PODFILE CHECKSUM: 34be09fd2b8f993c85528993ae96b3d98a229b04

COCOAPODS: 1.11.3
